
Microsoft Visual Studio Solution File, Format Version 12.00
# Visual Studio Version 17
VisualStudioVersion = 17.11.35312.102
MinimumVisualStudioVersion = 10.0.40219.1
Project("{FAE04EC0-301F-11D3-BF4B-00C04F79EFBC}") = "T3Activitats", "T3Activitats.csproj", "{05804969-7F5D-43F2-9114-8728FBCCBB9A}"
EndProject
Global
	GlobalSection(SolutionConfigurationPlatforms) = preSolution
		Debug|Any CPU = Debug|Any CPU
		Release|Any CPU = Release|Any CPU
	EndGlobalSection
	GlobalSection(ProjectConfigurationPlatforms) = postSolution
		{05804969-7F5D-43F2-9114-8728FBCCBB9A}.Debug|Any CPU.ActiveCfg = Debug|Any CPU
		{05804969-7F5D-43F2-9114-8728FBCCBB9A}.Debug|Any CPU.Build.0 = Debug|Any CPU
		{05804969-7F5D-43F2-9114-8728FBCCBB9A}.Release|Any CPU.ActiveCfg = Release|Any CPU
		{05804969-7F5D-43F2-9114-8728FBCCBB9A}.Release|Any CPU.Build.0 = Release|Any CPU
	EndGlobalSection
	GlobalSection(SolutionProperties) = preSolution
		HideSolutionNode = FALSE
	EndGlobalSection
	GlobalSection(ExtensibilityGlobals) = postSolution
		SolutionGuid = {A7780A32-E32D-40BA-9927-527ACD586B79}
	EndGlobalSection
EndGlobal
